
Microsoft Visual Studio Solution File, Format Version 12.00
# Visual Studio Version 16
VisualStudioVersion = 16.0.30225.117
MinimumVisualStudioVersion = 10.0.40219.1
Project("{9A19103F-16F7-4668-BE54-9A1E7A4F7556}") = "Wacom.Kiosk.IntegratorUI", "Wacom.Kiosk.IntegratorUI\Wacom.Kiosk.IntegratorUI.csproj", "{8D85ED7D-FBF7-4F7D-95FD-E349BD7948E8}"
EndProject
Project("{9A19103F-16F7-4668-BE54-9A1E7A4F7556}") = "Integrator.Logger.Serilogger", "Integrator.Logger.Serilog\Integrator.Logger.Serilogger.csproj", "{500A83F0-19A9-4302-9232-CC9BC6DB4AD2}"
EndProject
Global
	GlobalSection(SolutionConfigurationPlatforms) = preSolution
		Debug|Any CPU = Debug|Any CPU
		Release|Any CPU = Release|Any CPU
	EndGlobalSection
	GlobalSection(ProjectConfigurationPlatforms) = postSolution
		{8D85ED7D-FBF7-4F7D-95FD-E349BD7948E8}.Debug|Any CPU.ActiveCfg = Debug|Any CPU
		{8D85ED7D-FBF7-4F7D-95FD-E349BD7948E8}.Debug|Any CPU.Build.0 = Debug|Any CPU
		{8D85ED7D-FBF7-4F7D-95FD-E349BD7948E8}.Release|Any CPU.ActiveCfg = Release|Any CPU
		{8D85ED7D-FBF7-4F7D-95FD-E349BD7948E8}.Release|Any CPU.Build.0 = Release|Any CPU
		{500A83F0-19A9-4302-9232-CC9BC6DB4AD2}.Debug|Any CPU.ActiveCfg = Debug|Any CPU
		{500A83F0-19A9-4302-9232-CC9BC6DB4AD2}.Debug|Any CPU.Build.0 = Debug|Any CPU
		{500A83F0-19A9-4302-9232-CC9BC6DB4AD2}.Release|Any CPU.ActiveCfg = Release|Any CPU
		{500A83F0-19A9-4302-9232-CC9BC6DB4AD2}.Release|Any CPU.Build.0 = Release|Any CPU
	EndGlobalSection
	GlobalSection(SolutionProperties) = preSolution
		HideSolutionNode = FALSE
	EndGlobalSection
	GlobalSection(ExtensibilityGlobals) = postSolution
		SolutionGuid = {B90B7A52-CBB2-4790-B2B4-7E20DE4647EB}
	EndGlobalSection
EndGlobal
